
Microsoft Visual Studio Solution File, Format Version 12.00
# Visual Studio Version 17
VisualStudioVersion = 17.6.33815.320
MinimumVisualStudioVersion = 10.0.40219.1
Project("{FAE04EC0-301F-11D3-BF4B-00C04F79EFBC}") = "Loops Part 6", "Loops Part 6.csproj", "{9CC9CE31-CD13-4676-9257-82852D0A1CFC}"
EndProject
Global
	GlobalSection(SolutionConfigurationPlatforms) = preSolution
		Debug|Any CPU = Debug|Any CPU
		Release|Any CPU = Release|Any CPU
	EndGlobalSection
	GlobalSection(ProjectConfigurationPlatforms) = postSolution
		{9CC9CE31-CD13-4676-9257-82852D0A1CFC}.Debug|Any CPU.ActiveCfg = Debug|Any CPU
		{9CC9CE31-CD13-4676-9257-82852D0A1CFC}.Debug|Any CPU.Build.0 = Debug|Any CPU
		{9CC9CE31-CD13-4676-9257-82852D0A1CFC}.Release|Any CPU.ActiveCfg = Release|Any CPU
		{9CC9CE31-CD13-4676-9257-82852D0A1CFC}.Release|Any CPU.Build.0 = Release|Any CPU
	EndGlobalSection
	GlobalSection(SolutionProperties) = preSolution
		HideSolutionNode = FALSE
	EndGlobalSection
	GlobalSection(ExtensibilityGlobals) = postSolution
		SolutionGuid = {5CF57C22-E746-442F-8280-CA82F879F3FA}
	EndGlobalSection
EndGlobal
